
Microsoft Visual Studio Solution File, Format Version 12.00
# Visual Studio 2012
Project("{FAE04EC0-301F-11D3-BF4B-00C04F79EFBC}") = "LoanMac.Core", "LoanMac.Core\LoanMac.Core.csproj", "{72B06A9D-1F1C-41F8-ADCF-12EC96D14903}"
EndProject
Project("{FAE04EC0-301F-11D3-BF4B-00C04F79EFBC}") = "ezLend", "ezLend\ezLend.csproj", "{67F46268-22BE-43CF-95EC-9BAA704086AA}"
EndProject
Global
	GlobalSection(SolutionConfigurationPlatforms) = preSolution
		Debug|Any CPU = Debug|Any CPU
		Release|Any CPU = Release|Any CPU
	EndGlobalSection
	GlobalSection(ProjectConfigurationPlatforms) = postSolution
		{72B06A9D-1F1C-41F8-ADCF-12EC96D14903}.Debug|Any CPU.ActiveCfg = Debug|Any CPU
		{72B06A9D-1F1C-41F8-ADCF-12EC96D14903}.Debug|Any CPU.Build.0 = Debug|Any CPU
		{72B06A9D-1F1C-41F8-ADCF-12EC96D14903}.Release|Any CPU.ActiveCfg = Release|Any CPU
		{72B06A9D-1F1C-41F8-ADCF-12EC96D14903}.Release|Any CPU.Build.0 = Release|Any CPU
		{67F46268-22BE-43CF-95EC-9BAA704086AA}.Debug|Any CPU.ActiveCfg = Debug|Any CPU
		{67F46268-22BE-43CF-95EC-9BAA704086AA}.Debug|Any CPU.Build.0 = Debug|Any CPU
		{67F46268-22BE-43CF-95EC-9BAA704086AA}.Release|Any CPU.ActiveCfg = Release|Any CPU
		{67F46268-22BE-43CF-95EC-9BAA704086AA}.Release|Any CPU.Build.0 = Release|Any CPU
	EndGlobalSection
	GlobalSection(SolutionProperties) = preSolution
		HideSolutionNode = FALSE
	EndGlobalSection
EndGlobal
